
Microsoft Visual Studio Solution File, Format Version 12.00
# Visual Studio Version 16
VisualStudioVersion = 16.0.29609.76
MinimumVisualStudioVersion = 10.0.40219.1
Project("{FAE04EC0-301F-11D3-BF4B-00C04F79EFBC}") = "LinkShortener.Web.Api", "LinkShortener.Web.Api\LinkShortener.Web.Api.csproj", "{174FD926-D1CD-4E54-8C27-6FD7B3FF02BE}"
EndProject
Global
	GlobalSection(SolutionConfigurationPlatforms) = preSolution
		Debug|Any CPU = Debug|Any CPU
		Release|Any CPU = Release|Any CPU
	EndGlobalSection
	GlobalSection(ProjectConfigurationPlatforms) = postSolution
		{174FD926-D1CD-4E54-8C27-6FD7B3FF02BE}.Debug|Any CPU.ActiveCfg = Debug|Any CPU
		{174FD926-D1CD-4E54-8C27-6FD7B3FF02BE}.Debug|Any CPU.Build.0 = Debug|Any CPU
		{174FD926-D1CD-4E54-8C27-6FD7B3FF02BE}.Release|Any CPU.ActiveCfg = Release|Any CPU
		{174FD926-D1CD-4E54-8C27-6FD7B3FF02BE}.Release|Any CPU.Build.0 = Release|Any CPU
	EndGlobalSection
	GlobalSection(SolutionProperties) = preSolution
		HideSolutionNode = FALSE
	EndGlobalSection
	GlobalSection(ExtensibilityGlobals) = postSolution
		SolutionGuid = {F2D64268-BCBF-4606-9FA0-3DC034A257CA}
	EndGlobalSection
EndGlobal
